// !$*UTF8*$!
{
	archiveVersion = 1;
	classes = {
	};
	objectVersion = 46;
	objects = {

/* Begin PBXBuildFile section */
		93EC687B1C78E4F400942749 /* AppDelegate.swift in Sources */ = {isa = PBXBuildFile; fileRef = 93EC687A1C78E4F400942749 /* AppDelegate.swift */; };
		93EC687D1C78E4F400942749 /* ViewController.swift in Sources */ = {isa = PBXBuildFile; fileRef = 93EC687C1C78E4F400942749 /* ViewController.swift */; };
		93EC68801C78E4F400942749 /* Main.storyboard in Resources */ = {isa = PBXBuildFile; fileRef = 93EC687E1C78E4F400942749 /* Main.storyboard */; };
		93EC68821C78E4F400942749 /* Assets.xcassets in Resources */ = {isa = PBXBuildFile; fileRef = 93EC68811C78E4F400942749 /* Assets.xcassets */; };
		93EC68851C78E4F400942749 /* LaunchScreen.storyboard in Resources */ = {isa = PBXBuildFile; fileRef = 93EC68831C78E4F400942749 /* LaunchScreen.storyboard */; };
		93EC68951C78E53E00942749 /* run_1.png in Resources */ = {isa = PBXBuildFile; fileRef = 93EC68921C78E53D00942749 /* run_1.png */; };
		93EC68961C78E53E00942749 /* run_2.png in Resources */ = {isa = PBXBuildFile; fileRef = 93EC68931C78E53E00942749 /* run_2.png */; };
		93EC68971C78E53E00942749 /* run_3.png in Resources */ = {isa = PBXBuildFile; fileRef = 93EC68941C78E53E00942749 /* run_3.png */; };
		93EC68991C78F1AB00942749 /* bg_natural_sougen.jpg in Resources */ = {isa = PBXBuildFile; fileRef = 93EC68981C78F1AB00942749 /* bg_natural_sougen.jpg */; };
/* End PBXBuildFile section */

/* Begin PBXFileReference section */
		93EC68771C78E4F400942749 /* Alpaca Growth.app */ = {isa = PBXFileReference; explicitFileType = wrapper.application; includeInIndex = 0; path = "Alpaca Growth.app"; sourceTree = BUILT_PRODUCTS_DIR; };
		93EC687A1C78E4F400942749 /* AppDelegate.swift */ = {isa = PBXFileReference; lastKnownFileType = sourcecode.swift; path = AppDelegate.swift; sourceTree = "<group>"; };
		93EC687C1C78E4F400942749 /* ViewController.swift */ = {isa = PBXFileReference; lastKnownFileType = sourcecode.swift; path = ViewController.swift; sourceTree = "<group>"; };
		93EC687F1C78E4F400942749 /* Base */ = {isa = PBXFileReference; lastKnownFileType = file.storyboard; name = Base; path = Base.lproj/Main.storyboard; sourceTree = "<group>"; };
		93EC68811C78E4F400942749 /* Assets.xcassets */ = {isa = PBXFileReference; lastKnownFileType = folder.assetcatalog; path = Assets.xcassets; sourceTree = "<group>"; };
		93EC68841C78E4F400942749 /* Base */ = {isa = PBXFileReference; lastKnownFileType = file.storyboard; name = Base; path = Base.lproj/LaunchScreen.storyboard; sourceTree = "<group>"; };
		93EC68861C78E4F400942749 /* Info.plist */ = {isa = PBXFileReference; lastKnownFileType = text.plist.xml; path = Info.plist; sourceTree = "<group>"; };
		93EC68921C78E53D00942749 /* run_1.png */ = {isa = PBXFileReference; lastKnownFileType = image.png; path = run_1.png; sourceTree = "<group>"; };
		93EC68931C78E53E00942749 /* run_2.png */ = {isa = PBXFileReference; lastKnownFileType = image.png; path = run_2.png; sourceTree = "<group>"; };
		93EC68941C78E53E00942749 /* run_3.png */ = {isa = PBXFileReference; lastKnownFileType = image.png; path = run_3.png; sourceTree = "<group>"; };
		93EC68981C78F1AB00942749 /* bg_natural_sougen.jpg */ = {isa = PBXFileReference; lastKnownFileType = image.jpeg; path = bg_natural_sougen.jpg; sourceTree = "<group>"; };
/* End PBXFileReference section */

/* Begin PBXFrameworksBuildPhase section */
		93EC68741C78E4F400942749 /* Frameworks */ = {
			isa = PBXFrameworksBuildPhase;
			buildActionMask = 2147483647;
			files = (
			);
			runOnlyForDeploymentPostprocessing = 0;
		};
/* End PBXFrameworksBuildPhase section */

/* Begin PBXGroup section */
		93EC686E1C78E4F400942749 = {
			isa = PBXGroup;
			children = (
				93EC68921C78E53D00942749 /* run_1.png */,
				93EC68931C78E53E00942749 /* run_2.png */,
				93EC68941C78E53E00942749 /* run_3.png */,
				93EC68981C78F1AB00942749 /* bg_natural_sougen.jpg */,
				93EC68791C78E4F400942749 /* Alpaca Growth */,
				93EC68781C78E4F400942749 /* Products */,
			);
			sourceTree = "<group>";
		};
		93EC68781C78E4F400942749 /* Products */ = {
			isa = PBXGroup;
			children = (
				93EC68771C78E4F400942749 /* Alpaca Growth.app */,
			);
			name = Products;
			sourceTree = "<group>";
		};
		93EC68791C78E4F400942749 /* Alpaca Growth */ = {
			isa = PBXGroup;
			children = (
				93EC687A1C78E4F400942749 /* AppDelegate.swift */,
				93EC687C1C78E4F400942749 /* ViewController.swift */,
				93EC687E1C78E4F400942749 /* Main.storyboard */,
				93EC68811C78E4F400942749 /* Assets.xcassets */,
				93EC68831C78E4F400942749 /* LaunchScreen.storyboard */,
				93EC68861C78E4F400942749 /* Info.plist */,
			);
			path = "Alpaca Growth";
			sourceTree = "<group>";
		};
/* End PBXGroup section */

/* Begin PBXNativeTarget section */
		93EC68761C78E4F400942749 /* Alpaca Growth */ = {
			isa = PBXNativeTarget;
			buildConfigurationList = 93EC68891C78E4F400942749 /* Build configuration list for PBXNativeTarget "Alpaca Growth" */;
			buildPhases = (
				93EC68731C78E4F400942749 /* Sources */,
				93EC68741C78E4F400942749 /* Frameworks */,
				93EC68751C78E4F400942749 /* Resources */,
			);
			buildRules = (
			);
			dependencies = (
			);
			name = "Alpaca Growth";
			productName = "Alpaca Growth";
			productReference = 93EC68771C78E4F400942749 /* Alpaca Growth.app */;
			productType = "com.apple.product-type.application";
		};
/* End PBXNativeTarget section */

/* Begin PBXProject section */
		93EC686F1C78E4F400942749 /* Project object */ = {
			isa = PBXProject;
			attributes = {
				LastSwiftUpdateCheck = 0720;
				LastUpgradeCheck = 0720;
				ORGANIZATIONNAME = nonono;
				TargetAttributes = {
					93EC68761C78E4F400942749 = {
						CreatedOnToolsVersion = 7.2.1;
						DevelopmentTeam = M58KR69YUM;
					};
				};
			};
			buildConfigurationList = 93EC68721C78E4F400942749 /* Build configuration list for PBXProject "Alpaca Growth" */;
			compatibilityVersion = "Xcode 3.2";
			developmentRegion = English;
			hasScannedForEncodings = 0;
			knownRegions = (
				en,
				Base,
			);
			mainGroup = 93EC686E1C78E4F400942749;
			productRefGroup = 93EC68781C78E4F400942749 /* Products */;
			projectDirPath = "";
			projectRoot = "";
			targets = (
				93EC68761C78E4F400942749 /* Alpaca Growth */,
			);
		};
/* End PBXProject section */

/* Begin PBXResourcesBuildPhase section */
		93EC68751C78E4F400942749 /* Resources */ = {
			isa = PBXResourcesBuildPhase;
			buildActionMask = 2147483647;
			files = (
				93EC68851C78E4F400942749 /* LaunchScreen.storyboard in Resources */,
				93EC68951C78E53E00942749 /* run_1.png in Resources */,
				93EC68961C78E53E00942749 /* run_2.png in Resources */,
				93EC68971C78E53E00942749 /* run_3.png in Resources */,
				93EC68821C78E4F400942749 /* Assets.xcassets in Resources */,
				93EC68991C78F1AB00942749 /* bg_natural_sougen.jpg in Resources */,
				93EC68801C78E4F400942749 /* Main.storyboard in Resources */,
			);
			runOnlyForDeploymentPostprocessing = 0;
		};
/* End PBXResourcesBuildPhase section */

/* Begin PBXSourcesBuildPhase section */
		93EC68731C78E4F400942749 /* Sources */ = {
			isa = PBXSourcesBuildPhase;
			buildActionMask = 2147483647;
			files = (
				93EC687D1C78E4F400942749 /* ViewController.swift in Sources */,
				93EC687B1C78E4F400942749 /* AppDelegate.swift in Sources */,
			);
			runOnlyForDeploymentPostprocessing = 0;
		};
/* End PBXSourcesBuildPhase section */

/* Begin PBXVariantGroup section */
		93EC687E1C78E4F400942749 /* Main.storyboard */ = {
			isa = PBXVariantGroup;
			children = (
				93EC687F1C78E4F400942749 /* Base */,
			);
			name = Main.storyboard;
			sourceTree = "<group>";
		};
		93EC68831C78E4F400942749 /* LaunchScreen.storyboard */ = {
			isa = PBXVariantGroup;
			children = (
				93EC68841C78E4F400942749 /* Base */,
			);
			name = LaunchScreen.storyboard;
			sourceTree = "<group>";
		};
/* End PBXVariantGroup section */

/* Begin XCBuildConfiguration section */
		93EC68871C78E4F400942749 /* Debug */ = {
			isa = XCBuildConfiguration;
			buildSettings = {
				ALWAYS_SEARCH_USER_PATHS = NO;
				CLANG_CXX_LANGUAGE_STANDARD = "gnu++0x";
				CLANG_CXX_LIBRARY = "libc++";
				CLANG_ENABLE_MODULES = YES;
				CLANG_ENABLE_OBJC_ARC = YES;
				CLANG_WARN_BOOL_CONVERSION = YES;
				CLANG_WARN_CONSTANT_CONVERSION = YES;
				CLANG_WARN_DIRECT_OBJC_ISA_USAGE = YES_ERROR;
				CLANG_WARN_EMPTY_BODY = YES;
				CLANG_WARN_ENUM_CONVERSION = YES;
				CLANG_WARN_INT_CONVERSION = YES;
				CLANG_WARN_OBJC_ROOT_CLASS = YES_ERROR;
				CLANG_WARN_UNREACHABLE_CODE = YES;
				CLANG_WARN__DUPLICATE_METHOD_MATCH = YES;
				"CODE_SIGN_IDENTITY[sdk=iphoneos*]" = "iPhone Developer";
				COPY_PHASE_STRIP = NO;
				DEBUG_INFORMATION_FORMAT = dwarf;
				ENABLE_STRICT_OBJC_MSGSEND = YES;
				ENABLE_TESTABILITY = YES;
				GCC_C_LANGUAGE_STANDARD = gnu99;
				GCC_DYNAMIC_NO_PIC = NO;
				GCC_NO_COMMON_BLOCKS = YES;
				GCC_OPTIMIZATION_LEVEL = 0;
				GCC_PREPROCESSOR_DEFINITIONS = (
					"DEBUG=1",
					"$(inherited)",
				);
				GCC_WARN_64_TO_32_BIT_CONVERSION = YES;
				GCC_WARN_ABOUT_RETURN_TYPE = YES_ERROR;
				GCC_WARN_UNDECLARED_SELECTOR = YES;
				GCC_WARN_UNINITIALIZED_AUTOS = YES_AGGRESSIVE;
				GCC_WARN_UNUSED_FUNCTION = YES;
				GCC_WARN_UNUSED_VARIABLE = YES;
				IPHONEOS_DEPLOYMENT_TARGET = 9.2;
				MTL_ENABLE_DEBUG_INFO = YES;
				ONLY_ACTIVE_ARCH = YES;
				SDKROOT = iphoneos;
				SWIFT_OPTIMIZATION_LEVEL = "-Onone";
			};
			name = Debug;
		};
		93EC68881C78E4F400942749 /* Release */ = {
			isa = XCBuildConfiguration;
			buildSettings = {
				ALWAYS_SEARCH_USER_PATHS = NO;
				CLANG_CXX_LANGUAGE_STANDARD = "gnu++0x";
				CLANG_CXX_LIBRARY = "libc++";
				CLANG_ENABLE_MODULES = YES;
				CLANG_ENABLE_OBJC_ARC = YES;
				CLANG_WARN_BOOL_CONVERSION = YES;
				CLANG_WARN_CONSTANT_CONVERSION = YES;
				CLANG_WARN_DIRECT_OBJC_ISA_USAGE = YES_ERROR;
				CLANG_WARN_EMPTY_BODY = YES;
				CLANG_WARN_ENUM_CONVERSION = YES;
				CLANG_WARN_INT_CONVERSION = YES;
				CLANG_WARN_OBJC_ROOT_CLASS = YES_ERROR;
				CLANG_WARN_UNREACHABLE_CODE = YES;
				CLANG_WARN__DUPLICATE_METHOD_MATCH = YES;
				"CODE_SIGN_IDENTITY[sdk=iphoneos*]" = "iPhone Developer";
				COPY_PHASE_STRIP = NO;
				DEBUG_INFORMATION_FORMAT = "dwarf-with-dsym";
				ENABLE_NS_ASSERTIONS = NO;
				ENABLE_STRICT_OBJC_MSGSEND = YES;
				GCC_C_LANGUAGE_STANDARD = gnu99;
				GCC_NO_COMMON_BLOCKS = YES;
				GCC_WARN_64_TO_32_BIT_CONVERSION = YES;
				GCC_WARN_ABOUT_RETURN_TYPE = YES_ERROR;
				GCC_WARN_UNDECLARED_SELECTOR = YES;
				GCC_WARN_UNINITIALIZED_AUTOS = YES_AGGRESSIVE;
				GCC_WARN_UNUSED_FUNCTION = YES;
				GCC_WARN_UNUSED_VARIABLE = YES;
				IPHONEOS_DEPLOYMENT_TARGET = 9.2;
				MTL_ENABLE_DEBUG_INFO = NO;
				SDKROOT = iphoneos;
				VALIDATE_PRODUCT = YES;
			};
			name = Release;
		};
		93EC688A1C78E4F400942749 /* Debug */ = {
			isa = XCBuildConfiguration;
			buildSettings = {
				ASSETCATALOG_COMPILER_APPICON_NAME = AppIcon;
				INFOPLIST_FILE = "Alpaca Growth/Info.plist";
				LD_RUNPATH_SEARCH_PATHS = "$(inherited) @executable_path/Frameworks";
				PRODUCT_BUNDLE_IDENTIFIER = "nonono.Alpaca-Growth";
				PRODUCT_NAME = "$(TARGET_NAME)";
			};
			name = Debug;
		};
		93EC688B1C78E4F400942749 /* Release */ = {
			isa = XCBuildConfiguration;
			buildSettings = {
				ASSETCATALOG_COMPILER_APPICON_NAME = AppIcon;
				INFOPLIST_FILE = "Alpaca Growth/Info.plist";
				LD_RUNPATH_SEARCH_PATHS = "$(inherited) @executable_path/Frameworks";
				PRODUCT_BUNDLE_IDENTIFIER = "nonono.Alpaca-Growth";
				PRODUCT_NAME = "$(TARGET_NAME)";
			};
			name = Release;
		};
/* End XCBuildConfiguration section */

/* Begin XCConfigurationList section */
		93EC68721C78E4F400942749 /* Build configuration list for PBXProject "Alpaca Growth" */ = {
			isa = XCConfigurationList;
			buildConfigurations = (
				93EC68871C78E4F400942749 /* Debug */,
				93EC68881C78E4F400942749 /* Release */,
			);
			defaultConfigurationIsVisible = 0;
			defaultConfigurationName = Release;
		};
		93EC68891C78E4F400942749 /* Build configuration list for PBXNativeTarget "Alpaca Growth" */ = {
			isa = XCConfigurationList;
			buildConfigurations = (
				93EC688A1C78E4F400942749 /* Debug */,
				93EC688B1C78E4F400942749 /* Release */,
			);
			defaultConfigurationIsVisible = 0;
		};
/* End XCConfigurationList section */
	};
	rootObject = 93EC686F1C78E4F400942749 /* Project object */;
}
